
Microsoft Visual Studio Solution File, Format Version 12.00
# Visual Studio Version 17
VisualStudioVersion = 17.0.31919.166
MinimumVisualStudioVersion = 10.0.40219.1
Project("{9A19103F-16F7-4668-BE54-9A1E7A4F7556}") = "PetStore.Server", "PetStore.Server\PetStore.Server.csproj", "{3AE05BFD-BE4A-4B2E-80C6-572FC1E5342A}"
EndProject
Project("{9A19103F-16F7-4668-BE54-9A1E7A4F7556}") = "PetStore.Client", "PetStore.Client\PetStore.Client.csproj", "{E3D60225-DF66-4D05-82B1-52426E3C83E0}"
EndProject
Project("{9A19103F-16F7-4668-BE54-9A1E7A4F7556}") = "PetStore.DataContracts", "PetStore.DataContracts\PetStore.DataContracts.csproj", "{F86B3817-B8C3-454A-B48D-E123B4980744}"
EndProject
Project("{2150E333-8FDC-42A3-9474-1A3956D46DE8}") = "Frontend", "Frontend", "{A6476640-0550-41EB-8B58-0F0F2121FAB8}"
EndProject
Project("{2150E333-8FDC-42A3-9474-1A3956D46DE8}") = "Backend", "Backend", "{51702B9F-2A42-46EB-B4AA-1D417F168FF9}"
EndProject
Project("{2150E333-8FDC-42A3-9474-1A3956D46DE8}") = "Tests", "Tests", "{450ED2EA-856D-4BC6-9A11-BCB6C2DCE9D5}"
EndProject
Project("{9A19103F-16F7-4668-BE54-9A1E7A4F7556}") = "PetStore.BLL", "PetStore.BLL\PetStore.BLL.csproj", "{952B4890-DBA1-4F2B-BD51-2CB14FE2FB9F}"
EndProject
Project("{9A19103F-16F7-4668-BE54-9A1E7A4F7556}") = "PetStore.Abstraction", "PetStore.Abstraction\PetStore.Abstraction.csproj", "{E877ECEA-1EDC-4FDD-B83A-AE922E41F986}"
EndProject
Project("{9A19103F-16F7-4668-BE54-9A1E7A4F7556}") = "PetStore.DAL", "PetStore.DAL\PetStore.DAL.csproj", "{1F937ABE-CD01-4AD5-8509-8D30F98ACA57}"
EndProject
Project("{2150E333-8FDC-42A3-9474-1A3956D46DE8}") = "Shared", "Shared", "{930ECCF5-3EC1-4627-B57E-A7715C14ACA3}"
EndProject
Project("{9A19103F-16F7-4668-BE54-9A1E7A4F7556}") = "PetStore.Backend.Tests", "PetStore.Backend.Tests\PetStore.Backend.Tests.csproj", "{BDA4623B-55F1-41A1-B6BA-11CE8206DD42}"
EndProject
Project("{9A19103F-16F7-4668-BE54-9A1E7A4F7556}") = "PetStore.Common", "PetStore.Common\PetStore.Common.csproj", "{288AB4E5-14B2-4896-8565-4501DB1C9286}"
EndProject
Project("{9A19103F-16F7-4668-BE54-9A1E7A4F7556}") = "PetStore.Domain", "PetStore.Domain\PetStore.Domain.csproj", "{3EC2147B-F038-40E2-BD82-72EC16591DE2}"
EndProject
Global
	GlobalSection(SolutionConfigurationPlatforms) = preSolution
		Debug|Any CPU = Debug|Any CPU
		Release|Any CPU = Release|Any CPU
	EndGlobalSection
	GlobalSection(ProjectConfigurationPlatforms) = postSolution
		{3AE05BFD-BE4A-4B2E-80C6-572FC1E5342A}.Debug|Any CPU.ActiveCfg = Debug|Any CPU
		{3AE05BFD-BE4A-4B2E-80C6-572FC1E5342A}.Debug|Any CPU.Build.0 = Debug|Any CPU
		{3AE05BFD-BE4A-4B2E-80C6-572FC1E5342A}.Release|Any CPU.ActiveCfg = Release|Any CPU
		{3AE05BFD-BE4A-4B2E-80C6-572FC1E5342A}.Release|Any CPU.Build.0 = Release|Any CPU
		{E3D60225-DF66-4D05-82B1-52426E3C83E0}.Debug|Any CPU.ActiveCfg = Debug|Any CPU
		{E3D60225-DF66-4D05-82B1-52426E3C83E0}.Debug|Any CPU.Build.0 = Debug|Any CPU
		{E3D60225-DF66-4D05-82B1-52426E3C83E0}.Release|Any CPU.ActiveCfg = Release|Any CPU
		{E3D60225-DF66-4D05-82B1-52426E3C83E0}.Release|Any CPU.Build.0 = Release|Any CPU
		{F86B3817-B8C3-454A-B48D-E123B4980744}.Debug|Any CPU.ActiveCfg = Debug|Any CPU
		{F86B3817-B8C3-454A-B48D-E123B4980744}.Debug|Any CPU.Build.0 = Debug|Any CPU
		{F86B3817-B8C3-454A-B48D-E123B4980744}.Release|Any CPU.ActiveCfg = Release|Any CPU
		{F86B3817-B8C3-454A-B48D-E123B4980744}.Release|Any CPU.Build.0 = Release|Any CPU
		{952B4890-DBA1-4F2B-BD51-2CB14FE2FB9F}.Debug|Any CPU.ActiveCfg = Debug|Any CPU
		{952B4890-DBA1-4F2B-BD51-2CB14FE2FB9F}.Debug|Any CPU.Build.0 = Debug|Any CPU
		{952B4890-DBA1-4F2B-BD51-2CB14FE2FB9F}.Release|Any CPU.ActiveCfg = Release|Any CPU
		{952B4890-DBA1-4F2B-BD51-2CB14FE2FB9F}.Release|Any CPU.Build.0 = Release|Any CPU
		{E877ECEA-1EDC-4FDD-B83A-AE922E41F986}.Debug|Any CPU.ActiveCfg = Debug|Any CPU
		{E877ECEA-1EDC-4FDD-B83A-AE922E41F986}.Debug|Any CPU.Build.0 = Debug|Any CPU
		{E877ECEA-1EDC-4FDD-B83A-AE922E41F986}.Release|Any CPU.ActiveCfg = Release|Any CPU
		{E877ECEA-1EDC-4FDD-B83A-AE922E41F986}.Release|Any CPU.Build.0 = Release|Any CPU
		{1F937ABE-CD01-4AD5-8509-8D30F98ACA57}.Debug|Any CPU.ActiveCfg = Debug|Any CPU
		{1F937ABE-CD01-4AD5-8509-8D30F98ACA57}.Debug|Any CPU.Build.0 = Debug|Any CPU
		{1F937ABE-CD01-4AD5-8509-8D30F98ACA57}.Release|Any CPU.ActiveCfg = Release|Any CPU
		{1F937ABE-CD01-4AD5-8509-8D30F98ACA57}.Release|Any CPU.Build.0 = Release|Any CPU
		{BDA4623B-55F1-41A1-B6BA-11CE8206DD42}.Debug|Any CPU.ActiveCfg = Debug|Any CPU
		{BDA4623B-55F1-41A1-B6BA-11CE8206DD42}.Debug|Any CPU.Build.0 = Debug|Any CPU
		{BDA4623B-55F1-41A1-B6BA-11CE8206DD42}.Release|Any CPU.ActiveCfg = Release|Any CPU
		{BDA4623B-55F1-41A1-B6BA-11CE8206DD42}.Release|Any CPU.Build.0 = Release|Any CPU
		{288AB4E5-14B2-4896-8565-4501DB1C9286}.Debug|Any CPU.ActiveCfg = Debug|Any CPU
		{288AB4E5-14B2-4896-8565-4501DB1C9286}.Debug|Any CPU.Build.0 = Debug|Any CPU
		{288AB4E5-14B2-4896-8565-4501DB1C9286}.Release|Any CPU.ActiveCfg = Release|Any CPU
		{288AB4E5-14B2-4896-8565-4501DB1C9286}.Release|Any CPU.Build.0 = Release|Any CPU
		{3EC2147B-F038-40E2-BD82-72EC16591DE2}.Debug|Any CPU.ActiveCfg = Debug|Any CPU
		{3EC2147B-F038-40E2-BD82-72EC16591DE2}.Debug|Any CPU.Build.0 = Debug|Any CPU
		{3EC2147B-F038-40E2-BD82-72EC16591DE2}.Release|Any CPU.ActiveCfg = Release|Any CPU
		{3EC2147B-F038-40E2-BD82-72EC16591DE2}.Release|Any CPU.Build.0 = Release|Any CPU
	EndGlobalSection
	GlobalSection(SolutionProperties) = preSolution
		HideSolutionNode = FALSE
	EndGlobalSection
	GlobalSection(NestedProjects) = preSolution
		{3AE05BFD-BE4A-4B2E-80C6-572FC1E5342A} = {51702B9F-2A42-46EB-B4AA-1D417F168FF9}
		{E3D60225-DF66-4D05-82B1-52426E3C83E0} = {A6476640-0550-41EB-8B58-0F0F2121FAB8}
		{F86B3817-B8C3-454A-B48D-E123B4980744} = {930ECCF5-3EC1-4627-B57E-A7715C14ACA3}
		{952B4890-DBA1-4F2B-BD51-2CB14FE2FB9F} = {51702B9F-2A42-46EB-B4AA-1D417F168FF9}
		{E877ECEA-1EDC-4FDD-B83A-AE922E41F986} = {51702B9F-2A42-46EB-B4AA-1D417F168FF9}
		{1F937ABE-CD01-4AD5-8509-8D30F98ACA57} = {51702B9F-2A42-46EB-B4AA-1D417F168FF9}
		{BDA4623B-55F1-41A1-B6BA-11CE8206DD42} = {450ED2EA-856D-4BC6-9A11-BCB6C2DCE9D5}
		{288AB4E5-14B2-4896-8565-4501DB1C9286} = {51702B9F-2A42-46EB-B4AA-1D417F168FF9}
		{3EC2147B-F038-40E2-BD82-72EC16591DE2} = {51702B9F-2A42-46EB-B4AA-1D417F168FF9}
	EndGlobalSection
	GlobalSection(ExtensibilityGlobals) = postSolution
		SolutionGuid = {F5E8E75B-8C9A-4B5F-B6C7-6DD70793DCF9}
	EndGlobalSection
EndGlobal
